
Microsoft Visual Studio Solution File, Format Version 12.00
# Visual Studio Version 17
VisualStudioVersion = 17.9.34728.123
MinimumVisualStudioVersion = 10.0.40219.1
Project("{8BC9CEB8-8B4A-11D0-8D11-00A0C91BC942}") = "Adaptor", "Adaptor\Adaptor.vcxproj", "{55550F1E-C350-4DBF-87FA-027B485C4F88}"
EndProject
Project("{8BC9CEB8-8B4A-11D0-8D11-00A0C91BC942}") = "Command", "Command\Command.vcxproj", "{D0704174-8703-4B99-852E-8D2EF4B5B102}"
EndProject
Project("{8BC9CEB8-8B4A-11D0-8D11-00A0C91BC942}") = "FactoryPattern", "FactoryPattern\FactoryPattern.vcxproj", "{B8BEEBAC-987B-4534-B967-6C0DE4F11972}"
EndProject
Project("{8BC9CEB8-8B4A-11D0-8D11-00A0C91BC942}") = "observer", "observer\observer.vcxproj", "{D21BAF60-BB69-47B5-8783-88123079172B}"
EndProject
Project("{8BC9CEB8-8B4A-11D0-8D11-00A0C91BC942}") = "Singleton", "Singleton\Singleton.vcxproj", "{8C3A4D7C-8B84-4D6B-B00C-564EADAF1F66}"
EndProject
Project("{8BC9CEB8-8B4A-11D0-8D11-00A0C91BC942}") = "Strategy", "Strategy\Strategy.vcxproj", "{2FBAA0F2-A6C6-498E-A7D5-73EDD62E1258}"
EndProject
Project("{8BC9CEB8-8B4A-11D0-8D11-00A0C91BC942}") = "chainofresponsibility", "chainofresponsibility\chainofresponsibility.vcxproj", "{8F3EB777-C765-4A5E-BB43-F62D7C9234E7}"
EndProject
Project("{8BC9CEB8-8B4A-11D0-8D11-00A0C91BC942}") = "prototype", "prototype\prototype.vcxproj", "{C19220C7-8FA6-4B0A-9FC8-7FD39574DF84}"
EndProject
Project("{8BC9CEB8-8B4A-11D0-8D11-00A0C91BC942}") = "decorater", "decorater\decorater.vcxproj", "{9070FE0D-49BC-4D67-AE3D-27E1A8E446A5}"
EndProject
Global
	GlobalSection(SolutionConfigurationPlatforms) = preSolution
		Debug|x64 = Debug|x64
		Debug|x86 = Debug|x86
		Release|x64 = Release|x64
		Release|x86 = Release|x86
	EndGlobalSection
	GlobalSection(ProjectConfigurationPlatforms) = postSolution
		{55550F1E-C350-4DBF-87FA-027B485C4F88}.Debug|x64.ActiveCfg = Debug|x64
		{55550F1E-C350-4DBF-87FA-027B485C4F88}.Debug|x64.Build.0 = Debug|x64
		{55550F1E-C350-4DBF-87FA-027B485C4F88}.Debug|x86.ActiveCfg = Debug|Win32
		{55550F1E-C350-4DBF-87FA-027B485C4F88}.Debug|x86.Build.0 = Debug|Win32
		{55550F1E-C350-4DBF-87FA-027B485C4F88}.Release|x64.ActiveCfg = Release|x64
		{55550F1E-C350-4DBF-87FA-027B485C4F88}.Release|x64.Build.0 = Release|x64
		{55550F1E-C350-4DBF-87FA-027B485C4F88}.Release|x86.ActiveCfg = Release|Win32
		{55550F1E-C350-4DBF-87FA-027B485C4F88}.Release|x86.Build.0 = Release|Win32
		{D0704174-8703-4B99-852E-8D2EF4B5B102}.Debug|x64.ActiveCfg = Debug|x64
		{D0704174-8703-4B99-852E-8D2EF4B5B102}.Debug|x64.Build.0 = Debug|x64
		{D0704174-8703-4B99-852E-8D2EF4B5B102}.Debug|x86.ActiveCfg = Debug|Win32
		{D0704174-8703-4B99-852E-8D2EF4B5B102}.Debug|x86.Build.0 = Debug|Win32
		{D0704174-8703-4B99-852E-8D2EF4B5B102}.Release|x64.ActiveCfg = Release|x64
		{D0704174-8703-4B99-852E-8D2EF4B5B102}.Release|x64.Build.0 = Release|x64
		{D0704174-8703-4B99-852E-8D2EF4B5B102}.Release|x86.ActiveCfg = Release|Win32
		{D0704174-8703-4B99-852E-8D2EF4B5B102}.Release|x86.Build.0 = Release|Win32
		{B8BEEBAC-987B-4534-B967-6C0DE4F11972}.Debug|x64.ActiveCfg = Debug|x64
		{B8BEEBAC-987B-4534-B967-6C0DE4F11972}.Debug|x64.Build.0 = Debug|x64
		{B8BEEBAC-987B-4534-B967-6C0DE4F11972}.Debug|x86.ActiveCfg = Debug|Win32
		{B8BEEBAC-987B-4534-B967-6C0DE4F11972}.Debug|x86.Build.0 = Debug|Win32
		{B8BEEBAC-987B-4534-B967-6C0DE4F11972}.Release|x64.ActiveCfg = Release|x64
		{B8BEEBAC-987B-4534-B967-6C0DE4F11972}.Release|x64.Build.0 = Release|x64
		{B8BEEBAC-987B-4534-B967-6C0DE4F11972}.Release|x86.ActiveCfg = Release|Win32
		{B8BEEBAC-987B-4534-B967-6C0DE4F11972}.Release|x86.Build.0 = Release|Win32
		{D21BAF60-BB69-47B5-8783-88123079172B}.Debug|x64.ActiveCfg = Debug|x64
		{D21BAF60-BB69-47B5-8783-88123079172B}.Debug|x64.Build.0 = Debug|x64
		{D21BAF60-BB69-47B5-8783-88123079172B}.Debug|x86.ActiveCfg = Debug|Win32
		{D21BAF60-BB69-47B5-8783-88123079172B}.Debug|x86.Build.0 = Debug|Win32
		{D21BAF60-BB69-47B5-8783-88123079172B}.Release|x64.ActiveCfg = Release|x64
		{D21BAF60-BB69-47B5-8783-88123079172B}.Release|x64.Build.0 = Release|x64
		{D21BAF60-BB69-47B5-8783-88123079172B}.Release|x86.ActiveCfg = Release|Win32
		{D21BAF60-BB69-47B5-8783-88123079172B}.Release|x86.Build.0 = Release|Win32
		{8C3A4D7C-8B84-4D6B-B00C-564EADAF1F66}.Debug|x64.ActiveCfg = Debug|x64
		{8C3A4D7C-8B84-4D6B-B00C-564EADAF1F66}.Debug|x64.Build.0 = Debug|x64
		{8C3A4D7C-8B84-4D6B-B00C-564EADAF1F66}.Debug|x86.ActiveCfg = Debug|Win32
		{8C3A4D7C-8B84-4D6B-B00C-564EADAF1F66}.Debug|x86.Build.0 = Debug|Win32
		{8C3A4D7C-8B84-4D6B-B00C-564EADAF1F66}.Release|x64.ActiveCfg = Release|x64
		{8C3A4D7C-8B84-4D6B-B00C-564EADAF1F66}.Release|x64.Build.0 = Release|x64
		{8C3A4D7C-8B84-4D6B-B00C-564EADAF1F66}.Release|x86.ActiveCfg = Release|Win32
		{8C3A4D7C-8B84-4D6B-B00C-564EADAF1F66}.Release|x86.Build.0 = Release|Win32
		{2FBAA0F2-A6C6-498E-A7D5-73EDD62E1258}.Debug|x64.ActiveCfg = Debug|x64
		{2FBAA0F2-A6C6-498E-A7D5-73EDD62E1258}.Debug|x64.Build.0 = Debug|x64
		{2FBAA0F2-A6C6-498E-A7D5-73EDD62E1258}.Debug|x86.ActiveCfg = Debug|Win32
		{2FBAA0F2-A6C6-498E-A7D5-73EDD62E1258}.Debug|x86.Build.0 = Debug|Win32
		{2FBAA0F2-A6C6-498E-A7D5-73EDD62E1258}.Release|x64.ActiveCfg = Release|x64
		{2FBAA0F2-A6C6-498E-A7D5-73EDD62E1258}.Release|x64.Build.0 = Release|x64
		{2FBAA0F2-A6C6-498E-A7D5-73EDD62E1258}.Release|x86.ActiveCfg = Release|Win32
		{2FBAA0F2-A6C6-498E-A7D5-73EDD62E1258}.Release|x86.Build.0 = Release|Win32
		{8F3EB777-C765-4A5E-BB43-F62D7C9234E7}.Debug|x64.ActiveCfg = Debug|Win32
		{8F3EB777-C765-4A5E-BB43-F62D7C9234E7}.Debug|x64.Build.0 = Debug|Win32
		{8F3EB777-C765-4A5E-BB43-F62D7C9234E7}.Debug|x86.ActiveCfg = Debug|Win32
		{8F3EB777-C765-4A5E-BB43-F62D7C9234E7}.Debug|x86.Build.0 = Debug|Win32
		{8F3EB777-C765-4A5E-BB43-F62D7C9234E7}.Release|x64.ActiveCfg = Release|Win32
		{8F3EB777-C765-4A5E-BB43-F62D7C9234E7}.Release|x64.Build.0 = Release|Win32
		{8F3EB777-C765-4A5E-BB43-F62D7C9234E7}.Release|x86.ActiveCfg = Release|Win32
		{8F3EB777-C765-4A5E-BB43-F62D7C9234E7}.Release|x86.Build.0 = Release|Win32
		{C19220C7-8FA6-4B0A-9FC8-7FD39574DF84}.Debug|x64.ActiveCfg = Debug|x64
		{C19220C7-8FA6-4B0A-9FC8-7FD39574DF84}.Debug|x64.Build.0 = Debug|x64
		{C19220C7-8FA6-4B0A-9FC8-7FD39574DF84}.Debug|x86.ActiveCfg = Debug|Win32
		{C19220C7-8FA6-4B0A-9FC8-7FD39574DF84}.Debug|x86.Build.0 = Debug|Win32
		{C19220C7-8FA6-4B0A-9FC8-7FD39574DF84}.Release|x64.ActiveCfg = Release|x64
		{C19220C7-8FA6-4B0A-9FC8-7FD39574DF84}.Release|x64.Build.0 = Release|x64
		{C19220C7-8FA6-4B0A-9FC8-7FD39574DF84}.Release|x86.ActiveCfg = Release|Win32
		{C19220C7-8FA6-4B0A-9FC8-7FD39574DF84}.Release|x86.Build.0 = Release|Win32
		{9070FE0D-49BC-4D67-AE3D-27E1A8E446A5}.Debug|x64.ActiveCfg = Debug|x64
		{9070FE0D-49BC-4D67-AE3D-27E1A8E446A5}.Debug|x64.Build.0 = Debug|x64
		{9070FE0D-49BC-4D67-AE3D-27E1A8E446A5}.Debug|x86.ActiveCfg = Debug|Win32
		{9070FE0D-49BC-4D67-AE3D-27E1A8E446A5}.Debug|x86.Build.0 = Debug|Win32
		{9070FE0D-49BC-4D67-AE3D-27E1A8E446A5}.Release|x64.ActiveCfg = Release|x64
		{9070FE0D-49BC-4D67-AE3D-27E1A8E446A5}.Release|x64.Build.0 = Release|x64
		{9070FE0D-49BC-4D67-AE3D-27E1A8E446A5}.Release|x86.ActiveCfg = Release|Win32
		{9070FE0D-49BC-4D67-AE3D-27E1A8E446A5}.Release|x86.Build.0 = Release|Win32
	EndGlobalSection
	GlobalSection(SolutionProperties) = preSolution
		HideSolutionNode = FALSE
	EndGlobalSection
	GlobalSection(ExtensibilityGlobals) = postSolution
		SolutionGuid = {F0E9ECEC-0EC4-4760-8E47-CEEF1C3EA165}
	EndGlobalSection
EndGlobal
